
Microsoft Visual Studio Solution File, Format Version 12.00
# Visual Studio Version 17
VisualStudioVersion = 17.14.36127.28 d17.14
MinimumVisualStudioVersion = 10.0.40219.1
Project("{FAE04EC0-301F-11D3-BF4B-00C04F79EFBC}") = "D4t2", "D4t2\D4t2.csproj", "{707803C7-E7F7-4532-9D8F-4CC369449438}"
EndProject
Global
	GlobalSection(SolutionConfigurationPlatforms) = preSolution
		Debug|Any CPU = Debug|Any CPU
		Release|Any CPU = Release|Any CPU
	EndGlobalSection
	GlobalSection(ProjectConfigurationPlatforms) = postSolution
		{707803C7-E7F7-4532-9D8F-4CC369449438}.Debug|Any CPU.ActiveCfg = Debug|Any CPU
		{707803C7-E7F7-4532-9D8F-4CC369449438}.Debug|Any CPU.Build.0 = Debug|Any CPU
		{707803C7-E7F7-4532-9D8F-4CC369449438}.Release|Any CPU.ActiveCfg = Release|Any CPU
		{707803C7-E7F7-4532-9D8F-4CC369449438}.Release|Any CPU.Build.0 = Release|Any CPU
	EndGlobalSection
	GlobalSection(SolutionProperties) = preSolution
		HideSolutionNode = FALSE
	EndGlobalSection
	GlobalSection(ExtensibilityGlobals) = postSolution
		SolutionGuid = {0DA9DD96-841A-4BA6-8D57-0C67FB30D7E7}
	EndGlobalSection
EndGlobal
