
Microsoft Visual Studio Solution File, Format Version 12.00
# Visual Studio Version 17
VisualStudioVersion = 17.14.36127.28 d17.14
MinimumVisualStudioVersion = 10.0.40219.1
Project("{FAE04EC0-301F-11D3-BF4B-00C04F79EFBC}") = "D4t1", "D4t1\D4t1.csproj", "{64CF00DA-E11B-468E-91B3-B14490660568}"
EndProject
Global
	GlobalSection(SolutionConfigurationPlatforms) = preSolution
		Debug|Any CPU = Debug|Any CPU
		Release|Any CPU = Release|Any CPU
	EndGlobalSection
	GlobalSection(ProjectConfigurationPlatforms) = postSolution
		{64CF00DA-E11B-468E-91B3-B14490660568}.Debug|Any CPU.ActiveCfg = Debug|Any CPU
		{64CF00DA-E11B-468E-91B3-B14490660568}.Debug|Any CPU.Build.0 = Debug|Any CPU
		{64CF00DA-E11B-468E-91B3-B14490660568}.Release|Any CPU.ActiveCfg = Release|Any CPU
		{64CF00DA-E11B-468E-91B3-B14490660568}.Release|Any CPU.Build.0 = Release|Any CPU
	EndGlobalSection
	GlobalSection(SolutionProperties) = preSolution
		HideSolutionNode = FALSE
	EndGlobalSection
	GlobalSection(ExtensibilityGlobals) = postSolution
		SolutionGuid = {C37A0588-2C13-41DF-94EA-4AC7FFB4F2FB}
	EndGlobalSection
EndGlobal
