
Microsoft Visual Studio Solution File, Format Version 12.00
# Visual Studio Version 17
VisualStudioVersion = 17.14.36127.28 d17.14
MinimumVisualStudioVersion = 10.0.40219.1
Project("{FAE04EC0-301F-11D3-BF4B-00C04F79EFBC}") = "task1", "task1\task1.csproj", "{67A38330-B466-4897-8838-AA17FC3A9EF6}"
EndProject
Global
	GlobalSection(SolutionConfigurationPlatforms) = preSolution
		Debug|Any CPU = Debug|Any CPU
		Release|Any CPU = Release|Any CPU
	EndGlobalSection
	GlobalSection(ProjectConfigurationPlatforms) = postSolution
		{67A38330-B466-4897-8838-AA17FC3A9EF6}.Debug|Any CPU.ActiveCfg = Debug|Any CPU
		{67A38330-B466-4897-8838-AA17FC3A9EF6}.Debug|Any CPU.Build.0 = Debug|Any CPU
		{67A38330-B466-4897-8838-AA17FC3A9EF6}.Release|Any CPU.ActiveCfg = Release|Any CPU
		{67A38330-B466-4897-8838-AA17FC3A9EF6}.Release|Any CPU.Build.0 = Release|Any CPU
	EndGlobalSection
	GlobalSection(SolutionProperties) = preSolution
		HideSolutionNode = FALSE
	EndGlobalSection
	GlobalSection(ExtensibilityGlobals) = postSolution
		SolutionGuid = {0E10CBED-2F34-4EF0-8F91-013BB67C7CB6}
	EndGlobalSection
EndGlobal
