
Microsoft Visual Studio Solution File, Format Version 12.00
# Visual Studio Version 17
VisualStudioVersion = 17.14.36127.28 d17.14
MinimumVisualStudioVersion = 10.0.40219.1
Project("{FAE04EC0-301F-11D3-BF4B-00C04F79EFBC}") = "two class", "two class\two class.csproj", "{3444277E-C6FD-4856-81CA-522ED9F42C0B}"
EndProject
Global
	GlobalSection(SolutionConfigurationPlatforms) = preSolution
		Debug|Any CPU = Debug|Any CPU
		Release|Any CPU = Release|Any CPU
	EndGlobalSection
	GlobalSection(ProjectConfigurationPlatforms) = postSolution
		{3444277E-C6FD-4856-81CA-522ED9F42C0B}.Debug|Any CPU.ActiveCfg = Debug|Any CPU
		{3444277E-C6FD-4856-81CA-522ED9F42C0B}.Debug|Any CPU.Build.0 = Debug|Any CPU
		{3444277E-C6FD-4856-81CA-522ED9F42C0B}.Release|Any CPU.ActiveCfg = Release|Any CPU
		{3444277E-C6FD-4856-81CA-522ED9F42C0B}.Release|Any CPU.Build.0 = Release|Any CPU
	EndGlobalSection
	GlobalSection(SolutionProperties) = preSolution
		HideSolutionNode = FALSE
	EndGlobalSection
	GlobalSection(ExtensibilityGlobals) = postSolution
		SolutionGuid = {BC93B8AF-8ED8-4592-A3B2-23F30ABD4AC1}
	EndGlobalSection
EndGlobal
