
Microsoft Visual Studio Solution File, Format Version 12.00
# Visual Studio Version 17
VisualStudioVersion = 17.14.36127.28 d17.14
MinimumVisualStudioVersion = 10.0.40219.1
Project("{FAE04EC0-301F-11D3-BF4B-00C04F79EFBC}") = "33", "33\33.csproj", "{AB3C5570-EB01-41A4-8035-EFB86C5B667E}"
EndProject
Global
	GlobalSection(SolutionConfigurationPlatforms) = preSolution
		Debug|Any CPU = Debug|Any CPU
		Release|Any CPU = Release|Any CPU
	EndGlobalSection
	GlobalSection(ProjectConfigurationPlatforms) = postSolution
		{AB3C5570-EB01-41A4-8035-EFB86C5B667E}.Debug|Any CPU.ActiveCfg = Debug|Any CPU
		{AB3C5570-EB01-41A4-8035-EFB86C5B667E}.Debug|Any CPU.Build.0 = Debug|Any CPU
		{AB3C5570-EB01-41A4-8035-EFB86C5B667E}.Release|Any CPU.ActiveCfg = Release|Any CPU
		{AB3C5570-EB01-41A4-8035-EFB86C5B667E}.Release|Any CPU.Build.0 = Release|Any CPU
	EndGlobalSection
	GlobalSection(SolutionProperties) = preSolution
		HideSolutionNode = FALSE
	EndGlobalSection
	GlobalSection(ExtensibilityGlobals) = postSolution
		SolutionGuid = {AEEF8240-31CB-41FE-8EFD-59FEDE52EF2F}
	EndGlobalSection
EndGlobal
