
Microsoft Visual Studio Solution File, Format Version 12.00
# Visual Studio Version 17
VisualStudioVersion = 17.14.36127.28 d17.14
MinimumVisualStudioVersion = 10.0.40219.1
Project("{FAE04EC0-301F-11D3-BF4B-00C04F79EFBC}") = "task3", "task3\task3.csproj", "{973BFF4F-116B-4306-A0E2-C48C4677C2CA}"
EndProject
Global
	GlobalSection(SolutionConfigurationPlatforms) = preSolution
		Debug|Any CPU = Debug|Any CPU
		Release|Any CPU = Release|Any CPU
	EndGlobalSection
	GlobalSection(ProjectConfigurationPlatforms) = postSolution
		{973BFF4F-116B-4306-A0E2-C48C4677C2CA}.Debug|Any CPU.ActiveCfg = Debug|Any CPU
		{973BFF4F-116B-4306-A0E2-C48C4677C2CA}.Debug|Any CPU.Build.0 = Debug|Any CPU
		{973BFF4F-116B-4306-A0E2-C48C4677C2CA}.Release|Any CPU.ActiveCfg = Release|Any CPU
		{973BFF4F-116B-4306-A0E2-C48C4677C2CA}.Release|Any CPU.Build.0 = Release|Any CPU
	EndGlobalSection
	GlobalSection(SolutionProperties) = preSolution
		HideSolutionNode = FALSE
	EndGlobalSection
	GlobalSection(ExtensibilityGlobals) = postSolution
		SolutionGuid = {2C38D327-4A17-42FB-9C69-9423825AECB1}
	EndGlobalSection
EndGlobal
