
Microsoft Visual Studio Solution File, Format Version 12.00
# Visual Studio Version 17
VisualStudioVersion = 17.14.36127.28 d17.14
MinimumVisualStudioVersion = 10.0.40219.1
Project("{FAE04EC0-301F-11D3-BF4B-00C04F79EFBC}") = "Task3", "Task3\Task3.csproj", "{9538C09B-E3F7-4805-9D86-C5A5D702C278}"
EndProject
Global
	GlobalSection(SolutionConfigurationPlatforms) = preSolution
		Debug|Any CPU = Debug|Any CPU
		Release|Any CPU = Release|Any CPU
	EndGlobalSection
	GlobalSection(ProjectConfigurationPlatforms) = postSolution
		{9538C09B-E3F7-4805-9D86-C5A5D702C278}.Debug|Any CPU.ActiveCfg = Debug|Any CPU
		{9538C09B-E3F7-4805-9D86-C5A5D702C278}.Debug|Any CPU.Build.0 = Debug|Any CPU
		{9538C09B-E3F7-4805-9D86-C5A5D702C278}.Release|Any CPU.ActiveCfg = Release|Any CPU
		{9538C09B-E3F7-4805-9D86-C5A5D702C278}.Release|Any CPU.Build.0 = Release|Any CPU
	EndGlobalSection
	GlobalSection(SolutionProperties) = preSolution
		HideSolutionNode = FALSE
	EndGlobalSection
	GlobalSection(ExtensibilityGlobals) = postSolution
		SolutionGuid = {3AD8442B-6CC2-4342-A890-F901D596E20A}
	EndGlobalSection
EndGlobal
