
Microsoft Visual Studio Solution File, Format Version 12.00
# Visual Studio Version 17
VisualStudioVersion = 17.14.36127.28 d17.14
MinimumVisualStudioVersion = 10.0.40219.1
Project("{FAE04EC0-301F-11D3-BF4B-00C04F79EFBC}") = "Reverse", "Reverse\Reverse.csproj", "{FB7E98CD-016A-4851-B2EC-47003777DBFC}"
EndProject
Global
	GlobalSection(SolutionConfigurationPlatforms) = preSolution
		Debug|Any CPU = Debug|Any CPU
		Release|Any CPU = Release|Any CPU
	EndGlobalSection
	GlobalSection(ProjectConfigurationPlatforms) = postSolution
		{FB7E98CD-016A-4851-B2EC-47003777DBFC}.Debug|Any CPU.ActiveCfg = Debug|Any CPU
		{FB7E98CD-016A-4851-B2EC-47003777DBFC}.Debug|Any CPU.Build.0 = Debug|Any CPU
		{FB7E98CD-016A-4851-B2EC-47003777DBFC}.Release|Any CPU.ActiveCfg = Release|Any CPU
		{FB7E98CD-016A-4851-B2EC-47003777DBFC}.Release|Any CPU.Build.0 = Release|Any CPU
	EndGlobalSection
	GlobalSection(SolutionProperties) = preSolution
		HideSolutionNode = FALSE
	EndGlobalSection
	GlobalSection(ExtensibilityGlobals) = postSolution
		SolutionGuid = {B64F658E-5996-4739-9880-F5B7CEA81125}
	EndGlobalSection
EndGlobal
