
Microsoft Visual Studio Solution File, Format Version 12.00
# Visual Studio Version 17
VisualStudioVersion = 17.14.36127.28 d17.14
MinimumVisualStudioVersion = 10.0.40219.1
Project("{FAE04EC0-301F-11D3-BF4B-00C04F79EFBC}") = "odd or even", "odd or even\odd or even.csproj", "{63378E43-139A-4610-9825-38443FC6EB1E}"
EndProject
Global
	GlobalSection(SolutionConfigurationPlatforms) = preSolution
		Debug|Any CPU = Debug|Any CPU
		Release|Any CPU = Release|Any CPU
	EndGlobalSection
	GlobalSection(ProjectConfigurationPlatforms) = postSolution
		{63378E43-139A-4610-9825-38443FC6EB1E}.Debug|Any CPU.ActiveCfg = Debug|Any CPU
		{63378E43-139A-4610-9825-38443FC6EB1E}.Debug|Any CPU.Build.0 = Debug|Any CPU
		{63378E43-139A-4610-9825-38443FC6EB1E}.Release|Any CPU.ActiveCfg = Release|Any CPU
		{63378E43-139A-4610-9825-38443FC6EB1E}.Release|Any CPU.Build.0 = Release|Any CPU
	EndGlobalSection
	GlobalSection(SolutionProperties) = preSolution
		HideSolutionNode = FALSE
	EndGlobalSection
	GlobalSection(ExtensibilityGlobals) = postSolution
		SolutionGuid = {2FD7B960-8DFD-4AA2-B7A7-D4EBD6E686A1}
	EndGlobalSection
EndGlobal
