
Microsoft Visual Studio Solution File, Format Version 12.00
# Visual Studio Version 17
VisualStudioVersion = 17.14.36127.28 d17.14
MinimumVisualStudioVersion = 10.0.40219.1
Project("{FAE04EC0-301F-11D3-BF4B-00C04F79EFBC}") = "HelloWorldMvcApp", "HelloWorldMvcApp\HelloWorldMvcApp.csproj", "{0A69C4D6-70D6-4773-B731-CD83372D762E}"
EndProject
Global
	GlobalSection(SolutionConfigurationPlatforms) = preSolution
		Debug|Any CPU = Debug|Any CPU
		Release|Any CPU = Release|Any CPU
	EndGlobalSection
	GlobalSection(ProjectConfigurationPlatforms) = postSolution
		{0A69C4D6-70D6-4773-B731-CD83372D762E}.Debug|Any CPU.ActiveCfg = Debug|Any CPU
		{0A69C4D6-70D6-4773-B731-CD83372D762E}.Debug|Any CPU.Build.0 = Debug|Any CPU
		{0A69C4D6-70D6-4773-B731-CD83372D762E}.Release|Any CPU.ActiveCfg = Release|Any CPU
		{0A69C4D6-70D6-4773-B731-CD83372D762E}.Release|Any CPU.Build.0 = Release|Any CPU
	EndGlobalSection
	GlobalSection(SolutionProperties) = preSolution
		HideSolutionNode = FALSE
	EndGlobalSection
	GlobalSection(ExtensibilityGlobals) = postSolution
		SolutionGuid = {0116C168-D68D-4BC4-8FC3-335E5D4D5CA8}
	EndGlobalSection
EndGlobal
