
Microsoft Visual Studio Solution File, Format Version 12.00
# Visual Studio Version 17
VisualStudioVersion = 17.14.36127.28 d17.14
MinimumVisualStudioVersion = 10.0.40219.1
Project("{FAE04EC0-301F-11D3-BF4B-00C04F79EFBC}") = "week3 test", "week3 test\week3 test.csproj", "{E3ADA6FD-9856-4CE5-BEC0-F9652ED6CEAB}"
EndProject
Global
	GlobalSection(SolutionConfigurationPlatforms) = preSolution
		Debug|Any CPU = Debug|Any CPU
		Release|Any CPU = Release|Any CPU
	EndGlobalSection
	GlobalSection(ProjectConfigurationPlatforms) = postSolution
		{E3ADA6FD-9856-4CE5-BEC0-F9652ED6CEAB}.Debug|Any CPU.ActiveCfg = Debug|Any CPU
		{E3ADA6FD-9856-4CE5-BEC0-F9652ED6CEAB}.Debug|Any CPU.Build.0 = Debug|Any CPU
		{E3ADA6FD-9856-4CE5-BEC0-F9652ED6CEAB}.Release|Any CPU.ActiveCfg = Release|Any CPU
		{E3ADA6FD-9856-4CE5-BEC0-F9652ED6CEAB}.Release|Any CPU.Build.0 = Release|Any CPU
	EndGlobalSection
	GlobalSection(SolutionProperties) = preSolution
		HideSolutionNode = FALSE
	EndGlobalSection
	GlobalSection(ExtensibilityGlobals) = postSolution
		SolutionGuid = {7D404DE5-A639-4421-A70C-9ABFA4B36EE7}
	EndGlobalSection
EndGlobal
