
Microsoft Visual Studio Solution File, Format Version 12.00
# Visual Studio Version 17
VisualStudioVersion = 17.14.36127.28 d17.14
MinimumVisualStudioVersion = 10.0.40219.1
Project("{FAE04EC0-301F-11D3-BF4B-00C04F79EFBC}") = "week2 exam", "week2 exam\week2 exam.csproj", "{B855602C-2BF1-469A-BF39-FA9D27427552}"
EndProject
Global
	GlobalSection(SolutionConfigurationPlatforms) = preSolution
		Debug|Any CPU = Debug|Any CPU
		Release|Any CPU = Release|Any CPU
	EndGlobalSection
	GlobalSection(ProjectConfigurationPlatforms) = postSolution
		{B855602C-2BF1-469A-BF39-FA9D27427552}.Debug|Any CPU.ActiveCfg = Debug|Any CPU
		{B855602C-2BF1-469A-BF39-FA9D27427552}.Debug|Any CPU.Build.0 = Debug|Any CPU
		{B855602C-2BF1-469A-BF39-FA9D27427552}.Release|Any CPU.ActiveCfg = Release|Any CPU
		{B855602C-2BF1-469A-BF39-FA9D27427552}.Release|Any CPU.Build.0 = Release|Any CPU
	EndGlobalSection
	GlobalSection(SolutionProperties) = preSolution
		HideSolutionNode = FALSE
	EndGlobalSection
	GlobalSection(ExtensibilityGlobals) = postSolution
		SolutionGuid = {25BB1D31-C01D-4F90-B013-32CA00E328B2}
	EndGlobalSection
EndGlobal
