
Microsoft Visual Studio Solution File, Format Version 12.00
# Visual Studio Version 17
VisualStudioVersion = 17.14.36127.28 d17.14
MinimumVisualStudioVersion = 10.0.40219.1
Project("{FAE04EC0-301F-11D3-BF4B-00C04F79EFBC}") = "ConsoleApp3", "ConsoleApp3\ConsoleApp3.csproj", "{CFC8D72E-725F-4EDA-8E8B-F6A0E1484E0C}"
EndProject
Global
	GlobalSection(SolutionConfigurationPlatforms) = preSolution
		Debug|Any CPU = Debug|Any CPU
		Release|Any CPU = Release|Any CPU
	EndGlobalSection
	GlobalSection(ProjectConfigurationPlatforms) = postSolution
		{CFC8D72E-725F-4EDA-8E8B-F6A0E1484E0C}.Debug|Any CPU.ActiveCfg = Debug|Any CPU
		{CFC8D72E-725F-4EDA-8E8B-F6A0E1484E0C}.Debug|Any CPU.Build.0 = Debug|Any CPU
		{CFC8D72E-725F-4EDA-8E8B-F6A0E1484E0C}.Release|Any CPU.ActiveCfg = Release|Any CPU
		{CFC8D72E-725F-4EDA-8E8B-F6A0E1484E0C}.Release|Any CPU.Build.0 = Release|Any CPU
	EndGlobalSection
	GlobalSection(SolutionProperties) = preSolution
		HideSolutionNode = FALSE
	EndGlobalSection
	GlobalSection(ExtensibilityGlobals) = postSolution
		SolutionGuid = {B5AF743C-E740-4A39-9D2F-08B8BB30074E}
	EndGlobalSection
EndGlobal
