
Microsoft Visual Studio Solution File, Format Version 12.00
# Visual Studio Version 17
VisualStudioVersion = 17.14.36127.28 d17.14
MinimumVisualStudioVersion = 10.0.40219.1
Project("{FAE04EC0-301F-11D3-BF4B-00C04F79EFBC}") = "Calculator", "Calculator\Calculator.csproj", "{AFB418FD-F385-441B-B52B-58D9D09482F7}"
EndProject
Global
	GlobalSection(SolutionConfigurationPlatforms) = preSolution
		Debug|Any CPU = Debug|Any CPU
		Release|Any CPU = Release|Any CPU
	EndGlobalSection
	GlobalSection(ProjectConfigurationPlatforms) = postSolution
		{AFB418FD-F385-441B-B52B-58D9D09482F7}.Debug|Any CPU.ActiveCfg = Debug|Any CPU
		{AFB418FD-F385-441B-B52B-58D9D09482F7}.Debug|Any CPU.Build.0 = Debug|Any CPU
		{AFB418FD-F385-441B-B52B-58D9D09482F7}.Release|Any CPU.ActiveCfg = Release|Any CPU
		{AFB418FD-F385-441B-B52B-58D9D09482F7}.Release|Any CPU.Build.0 = Release|Any CPU
	EndGlobalSection
	GlobalSection(SolutionProperties) = preSolution
		HideSolutionNode = FALSE
	EndGlobalSection
	GlobalSection(ExtensibilityGlobals) = postSolution
		SolutionGuid = {1178BEA1-DD75-4844-A7D0-83E2FD214842}
	EndGlobalSection
EndGlobal
