
Microsoft Visual Studio Solution File, Format Version 12.00
# Visual Studio Version 17
VisualStudioVersion = 17.14.36127.28 d17.14
MinimumVisualStudioVersion = 10.0.40219.1
Project("{FAE04EC0-301F-11D3-BF4B-00C04F79EFBC}") = "TASK1", "TASK1\TASK1.csproj", "{7CABE133-0841-4C0D-8AC9-4F3011C0A630}"
EndProject
Global
	GlobalSection(SolutionConfigurationPlatforms) = preSolution
		Debug|Any CPU = Debug|Any CPU
		Release|Any CPU = Release|Any CPU
	EndGlobalSection
	GlobalSection(ProjectConfigurationPlatforms) = postSolution
		{7CABE133-0841-4C0D-8AC9-4F3011C0A630}.Debug|Any CPU.ActiveCfg = Debug|Any CPU
		{7CABE133-0841-4C0D-8AC9-4F3011C0A630}.Debug|Any CPU.Build.0 = Debug|Any CPU
		{7CABE133-0841-4C0D-8AC9-4F3011C0A630}.Release|Any CPU.ActiveCfg = Release|Any CPU
		{7CABE133-0841-4C0D-8AC9-4F3011C0A630}.Release|Any CPU.Build.0 = Release|Any CPU
	EndGlobalSection
	GlobalSection(SolutionProperties) = preSolution
		HideSolutionNode = FALSE
	EndGlobalSection
	GlobalSection(ExtensibilityGlobals) = postSolution
		SolutionGuid = {DF61F469-A00A-442E-9BF0-C049B31C3120}
	EndGlobalSection
EndGlobal
