
Microsoft Visual Studio Solution File, Format Version 12.00
# Visual Studio Version 17
VisualStudioVersion = 17.14.36127.28 d17.14
MinimumVisualStudioVersion = 10.0.40219.1
Project("{FAE04EC0-301F-11D3-BF4B-00C04F79EFBC}") = "user input", "user input\user input.csproj", "{A801F18D-FD25-4493-BF04-F30A2372C297}"
EndProject
Global
	GlobalSection(SolutionConfigurationPlatforms) = preSolution
		Debug|Any CPU = Debug|Any CPU
		Release|Any CPU = Release|Any CPU
	EndGlobalSection
	GlobalSection(ProjectConfigurationPlatforms) = postSolution
		{A801F18D-FD25-4493-BF04-F30A2372C297}.Debug|Any CPU.ActiveCfg = Debug|Any CPU
		{A801F18D-FD25-4493-BF04-F30A2372C297}.Debug|Any CPU.Build.0 = Debug|Any CPU
		{A801F18D-FD25-4493-BF04-F30A2372C297}.Release|Any CPU.ActiveCfg = Release|Any CPU
		{A801F18D-FD25-4493-BF04-F30A2372C297}.Release|Any CPU.Build.0 = Release|Any CPU
	EndGlobalSection
	GlobalSection(SolutionProperties) = preSolution
		HideSolutionNode = FALSE
	EndGlobalSection
	GlobalSection(ExtensibilityGlobals) = postSolution
		SolutionGuid = {E3D8144F-1113-4CDE-B036-6D5F2F7FA493}
	EndGlobalSection
EndGlobal
