
Microsoft Visual Studio Solution File, Format Version 12.00
# Visual Studio Version 17
VisualStudioVersion = 17.14.36127.28 d17.14
MinimumVisualStudioVersion = 10.0.40219.1
Project("{FAE04EC0-301F-11D3-BF4B-00C04F79EFBC}") = "t3", "t3\t3.csproj", "{33EE5858-3B7B-4042-9F51-6D22621BBDB8}"
EndProject
Global
	GlobalSection(SolutionConfigurationPlatforms) = preSolution
		Debug|Any CPU = Debug|Any CPU
		Release|Any CPU = Release|Any CPU
	EndGlobalSection
	GlobalSection(ProjectConfigurationPlatforms) = postSolution
		{33EE5858-3B7B-4042-9F51-6D22621BBDB8}.Debug|Any CPU.ActiveCfg = Debug|Any CPU
		{33EE5858-3B7B-4042-9F51-6D22621BBDB8}.Debug|Any CPU.Build.0 = Debug|Any CPU
		{33EE5858-3B7B-4042-9F51-6D22621BBDB8}.Release|Any CPU.ActiveCfg = Release|Any CPU
		{33EE5858-3B7B-4042-9F51-6D22621BBDB8}.Release|Any CPU.Build.0 = Release|Any CPU
	EndGlobalSection
	GlobalSection(SolutionProperties) = preSolution
		HideSolutionNode = FALSE
	EndGlobalSection
	GlobalSection(ExtensibilityGlobals) = postSolution
		SolutionGuid = {4A02BDDD-6604-4BD8-92F7-E15B4FA243F3}
	EndGlobalSection
EndGlobal
