
Microsoft Visual Studio Solution File, Format Version 12.00
# Visual Studio Version 17
VisualStudioVersion = 17.14.36127.28 d17.14
MinimumVisualStudioVersion = 10.0.40219.1
Project("{FAE04EC0-301F-11D3-BF4B-00C04F79EFBC}") = "largest number", "largest number\largest number.csproj", "{ED6EAD8C-9929-46F6-8440-1E8FEBAF798E}"
EndProject
Global
	GlobalSection(SolutionConfigurationPlatforms) = preSolution
		Debug|Any CPU = Debug|Any CPU
		Release|Any CPU = Release|Any CPU
	EndGlobalSection
	GlobalSection(ProjectConfigurationPlatforms) = postSolution
		{ED6EAD8C-9929-46F6-8440-1E8FEBAF798E}.Debug|Any CPU.ActiveCfg = Debug|Any CPU
		{ED6EAD8C-9929-46F6-8440-1E8FEBAF798E}.Debug|Any CPU.Build.0 = Debug|Any CPU
		{ED6EAD8C-9929-46F6-8440-1E8FEBAF798E}.Release|Any CPU.ActiveCfg = Release|Any CPU
		{ED6EAD8C-9929-46F6-8440-1E8FEBAF798E}.Release|Any CPU.Build.0 = Release|Any CPU
	EndGlobalSection
	GlobalSection(SolutionProperties) = preSolution
		HideSolutionNode = FALSE
	EndGlobalSection
	GlobalSection(ExtensibilityGlobals) = postSolution
		SolutionGuid = {5826428E-0B98-4086-950F-8B2AC1FBF261}
	EndGlobalSection
EndGlobal
